{
  "version": 4,
  "terraform_version": "1.14.7",
  "serial": 5,
  "lineage": "06e08ebb-2d46-6fad-4ab3-dac08605281d",
  "outputs": {
    "public_ip": {
      "value": "52.5.58.137",
      "type": "string"
    },
    "ssh_command": {
      "value": "ssh -i ~/.ssh/id_rsa ubuntu@52.5.58.137",
      "type": "string"
    }
  },
  "resources": [
    {
      "mode": "managed",
      "type": "aws_eip",
      "name": "somaai",
      "provider": "provider[\"registry.terraform.io/hashicorp/aws\"]",
      "instances": [
        {
          "schema_version": 0,
          "attributes": {
            "address": null,
            "allocation_id": "eipalloc-0c4f745182c67ea0d",
            "arn": "arn:aws:ec2:us-east-1:648093549074:elastic-ip/eipalloc-0c4f745182c67ea0d",
            "associate_with_private_ip": null,
            "association_id": "eipassoc-0223bcf387dc5ec5d",
            "carrier_ip": "",
            "customer_owned_ip": "",
            "customer_owned_ipv4_pool": "",
            "domain": "vpc",
            "id": "eipalloc-0c4f745182c67ea0d",
            "instance": "i-052b1055a760a5296",
            "ipam_pool_id": null,
            "network_border_group": "us-east-1",
            "network_interface": "eni-0b5240172969ff0ce",
            "private_dns": "ip-172-31-72-171.ec2.internal",
            "private_ip": "172.31.72.171",
            "ptr_record": "",
            "public_dns": "ec2-52-5-58-137.compute-1.amazonaws.com",
            "public_ip": "52.5.58.137",
            "public_ipv4_pool": "amazon",
            "tags": {
              "Name": "somaai-eip"
            },
            "tags_all": {
              "Name": "somaai-eip"
            },
            "timeouts": null,
            "vpc": true
          },
          "sensitive_attributes": [],
          "identity_schema_version": 0,
          "private": "eyJlMmJmYjczMC1lY2FhLTExZTYtOGY4OC0zNDM2M2JjN2M0YzAiOnsiZGVsZXRlIjoxODAwMDAwMDAwMDAsInJlYWQiOjkwMDAwMDAwMDAwMCwidXBkYXRlIjozMDAwMDAwMDAwMDB9fQ==",
          "dependencies": [
            "aws_instance.somaai",
            "aws_key_pair.somaai",
            "aws_security_group.somaai"
          ]
        }
      ]
    },
    {
      "mode": "managed",
      "type": "aws_instance",
      "name": "somaai",
      "provider": "provider[\"registry.terraform.io/hashicorp/aws\"]",
      "instances": [
        {
          "schema_version": 1,
          "attributes": {
            "ami": "ami-0c7217cdde317cfec",
            "arn": "arn:aws:ec2:us-east-1:648093549074:instance/i-052b1055a760a5296",
            "associate_public_ip_address": true,
            "availability_zone": "us-east-1f",
            "capacity_reservation_specification": [
              {
                "capacity_reservation_preference": "open",
                "capacity_reservation_target": []
              }
            ],
            "cpu_core_count": 1,
            "cpu_options": [
              {
                "amd_sev_snp": "",
                "core_count": 1,
                "threads_per_core": 2
              }
            ],
            "cpu_threads_per_core": 2,
            "credit_specification": [
              {
                "cpu_credits": "unlimited"
              }
            ],
            "disable_api_stop": false,
            "disable_api_termination": false,
            "ebs_block_device": [],
            "ebs_optimized": false,
            "enable_primary_ipv6": null,
            "enclave_options": [
              {
                "enabled": false
              }
            ],
            "ephemeral_block_device": [],
            "get_password_data": false,
            "hibernation": false,
            "host_id": "",
            "host_resource_group_arn": null,
            "iam_instance_profile": "",
            "id": "i-052b1055a760a5296",
            "instance_initiated_shutdown_behavior": "stop",
            "instance_lifecycle": "",
            "instance_market_options": [],
            "instance_state": "running",
            "instance_type": "t3.small",
            "ipv6_address_count": 0,
            "ipv6_addresses": [],
            "key_name": "somaai-key",
            "launch_template": [],
            "maintenance_options": [
              {
                "auto_recovery": "default"
              }
            ],
            "metadata_options": [
              {
                "http_endpoint": "enabled",
                "http_protocol_ipv6": "disabled",
                "http_put_response_hop_limit": 1,
                "http_tokens": "optional",
                "instance_metadata_tags": "disabled"
              }
            ],
            "monitoring": false,
            "network_interface": [],
            "outpost_arn": "",
            "password_data": "",
            "placement_group": "",
            "placement_partition_number": 0,
            "primary_network_interface_id": "eni-0b5240172969ff0ce",
            "private_dns": "ip-172-31-72-171.ec2.internal",
            "private_dns_name_options": [
              {
                "enable_resource_name_dns_a_record": false,
                "enable_resource_name_dns_aaaa_record": false,
                "hostname_type": "ip-name"
              }
            ],
            "private_ip": "172.31.72.171",
            "public_dns": "ec2-100-55-158-211.compute-1.amazonaws.com",
            "public_ip": "100.55.158.211",
            "root_block_device": [
              {
                "delete_on_termination": true,
                "device_name": "/dev/sda1",
                "encrypted": false,
                "iops": 3000,
                "kms_key_id": "",
                "tags": null,
                "tags_all": {},
                "throughput": 125,
                "volume_id": "vol-04b29726c8e30f046",
                "volume_size": 30,
                "volume_type": "gp3"
              }
            ],
            "secondary_private_ips": [],
            "security_groups": [
              "somaai-sg"
            ],
            "source_dest_check": true,
            "spot_instance_request_id": "",
            "subnet_id": "subnet-046e0b16871bc4428",
            "tags": {
              "Name": "somaai-server"
            },
            "tags_all": {
              "Name": "somaai-server"
            },
            "tenancy": "default",
            "timeouts": null,
            "user_data": "887f468e1ecd187dda1cb3ebc7c97d878b2268b7",
            "user_data_base64": null,
            "user_data_replace_on_change": false,
            "volume_tags": null,
            "vpc_security_group_ids": [
              "sg-00ecad0dfe2cf1447"
            ]
          },
          "sensitive_attributes": [
            [
              {
                "type": "get_attr",
                "value": "user_data"
              }
            ]
          ],
          "identity_schema_version": 0,
          "private": "eyJlMmJmYjczMC1lY2FhLTExZTYtOGY4OC0zNDM2M2JjN2M0YzAiOnsiY3JlYXRlIjo2MDAwMDAwMDAwMDAsImRlbGV0ZSI6MTIwMDAwMDAwMDAwMCwicmVhZCI6OTAwMDAwMDAwMDAwLCJ1cGRhdGUiOjYwMDAwMDAwMDAwMH0sInNjaGVtYV92ZXJzaW9uIjoiMSJ9",
          "dependencies": [
            "aws_key_pair.somaai",
            "aws_security_group.somaai"
          ]
        }
      ]
    },
    {
      "mode": "managed",
      "type": "aws_key_pair",
      "name": "somaai",
      "provider": "provider[\"registry.terraform.io/hashicorp/aws\"]",
      "instances": [
        {
          "schema_version": 1,
          "attributes": {
            "arn": "arn:aws:ec2:us-east-1:648093549074:key-pair/somaai-key",
            "fingerprint": "f3:7e:ba:2e:c8:20:fb:7f:b5:20:9f:14:8a:3b:16:bc",
            "id": "somaai-key",
            "key_name": "somaai-key",
            "key_name_prefix": "",
            "key_pair_id": "key-0e4fdf34a70f326e4",
            "key_type": "rsa",
            "public_key": "ssh-rsa AAAAB3NzaC1yc2EAAAADAQABAAACAQC05Pb+Xl/52HA5LVNavT0X+7g92NpxQiB7bJ92bvFd4yfBS4jW5xZjq3O3sDCPf11Hh1OJOPH4uvy4Vsv9Y8bgOrWaLO4AohKIopVwMFLX+fZK37Fb2Rnmb80ROG+C+/jG4qrimP9D2NarasxJpmT3zyff/JUSXkD+dv2GB+LhJBX/a1740oD+DFOs8ExGVI5+rhJ4xQM8YG1LmJ6w6f1jq6SHGGWKaN/CWNBUK9BfrNQ9YgVQvRjAbGYiRUT9zPtWLJ4xJmdoZY1CQuzbLvQgn56iL62v7+LAVRo9SbrYDMiIJH2/7/cNrTewEn9XtV3Ju/hXHGRq7BUAvlgY4bdafBhcBI+omoN3IHuKvrkMiXFSkXc5SxzNu9iIYakrWvjqXyY7hfOq4ZEii/Hb5jTuxrkAArAbdPrtTfwWKBaKw8uY4vm8VgqGoOTMX49HaRjkFbHXUpGaGZM96Kf+YFx6C09pjAtl4w2l8lRC4SBGLHGFEWB4yY1MztrKXq1uRVCY41L7gLqLN9iP+ltymJP0H5I3VDwUCU8KkpOIVZ3m2BlNRuG7US6/AcwOIzuKlKlOH2fRNLzkBJPh7gGRciCNWmAKwF5JxwGD/CYauxRbv3uOhDRyUPpdSJFlfw5soSrlHoCic44CU0R77JGMRdIQbDeP475XtSgpR/kIgFg8vQ== wilk.caetano@tisaude.com",
            "tags": null,
            "tags_all": {}
          },
          "sensitive_attributes": [],
          "identity_schema_version": 0,
          "private": "eyJzY2hlbWFfdmVyc2lvbiI6IjEifQ=="
        }
      ]
    },
    {
      "mode": "managed",
      "type": "aws_security_group",
      "name": "somaai",
      "provider": "provider[\"registry.terraform.io/hashicorp/aws\"]",
      "instances": [
        {
          "schema_version": 1,
          "attributes": {
            "arn": "arn:aws:ec2:us-east-1:648093549074:security-group/sg-00ecad0dfe2cf1447",
            "description": "SomaAI microservices",
            "egress": [
              {
                "cidr_blocks": [
                  "0.0.0.0/0"
                ],
                "description": "",
                "from_port": 0,
                "ipv6_cidr_blocks": [],
                "prefix_list_ids": [],
                "protocol": "-1",
                "security_groups": [],
                "self": false,
                "to_port": 0
              }
            ],
            "id": "sg-00ecad0dfe2cf1447",
            "ingress": [
              {
                "cidr_blocks": [
                  "0.0.0.0/0"
                ],
                "description": "",
                "from_port": 22,
                "ipv6_cidr_blocks": [],
                "prefix_list_ids": [],
                "protocol": "tcp",
                "security_groups": [],
                "self": false,
                "to_port": 22
              },
              {
                "cidr_blocks": [
                  "0.0.0.0/0"
                ],
                "description": "",
                "from_port": 3000,
                "ipv6_cidr_blocks": [],
                "prefix_list_ids": [],
                "protocol": "tcp",
                "security_groups": [],
                "self": false,
                "to_port": 3000
              },
              {
                "cidr_blocks": [
                  "0.0.0.0/0"
                ],
                "description": "",
                "from_port": 3009,
                "ipv6_cidr_blocks": [],
                "prefix_list_ids": [],
                "protocol": "tcp",
                "security_groups": [],
                "self": false,
                "to_port": 3009
              },
              {
                "cidr_blocks": [
                  "0.0.0.0/0"
                ],
                "description": "",
                "from_port": 3010,
                "ipv6_cidr_blocks": [],
                "prefix_list_ids": [],
                "protocol": "tcp",
                "security_groups": [],
                "self": false,
                "to_port": 3010
              },
              {
                "cidr_blocks": [
                  "0.0.0.0/0"
                ],
                "description": "",
                "from_port": 3011,
                "ipv6_cidr_blocks": [],
                "prefix_list_ids": [],
                "protocol": "tcp",
                "security_groups": [],
                "self": false,
                "to_port": 3011
              },
              {
                "cidr_blocks": [
                  "0.0.0.0/0"
                ],
                "description": "",
                "from_port": 3015,
                "ipv6_cidr_blocks": [],
                "prefix_list_ids": [],
                "protocol": "tcp",
                "security_groups": [],
                "self": false,
                "to_port": 3015
              }
            ],
            "name": "somaai-sg",
            "name_prefix": "",
            "owner_id": "648093549074",
            "revoke_rules_on_delete": false,
            "tags": {
              "Name": "somaai-sg"
            },
            "tags_all": {
              "Name": "somaai-sg"
            },
            "timeouts": null,
            "vpc_id": "vpc-0b7db1fadb6af5242"
          },
          "sensitive_attributes": [],
          "identity_schema_version": 0,
          "private": "eyJlMmJmYjczMC1lY2FhLTExZTYtOGY4OC0zNDM2M2JjN2M0YzAiOnsiY3JlYXRlIjo2MDAwMDAwMDAwMDAsImRlbGV0ZSI6OTAwMDAwMDAwMDAwfSwic2NoZW1hX3ZlcnNpb24iOiIxIn0="
        }
      ]
    }
  ],
  "check_results": null
}
